
Microsoft Visual Studio Solution File, Format Version 12.00
# Visual Studio 2012
Project("{FAE04EC0-301F-11D3-BF4B-00C04F79EFBC}") = "Automata.Tests", "Automata.Tests\Automata.Tests.csproj", "{6A98EA24-AC4B-4F03-949E-1500D520FC4B}"
EndProject
Project("{FAE04EC0-301F-11D3-BF4B-00C04F79EFBC}") = "Automata", "Automata\Automata.csproj", "{FE27F872-6D90-437F-8AD7-F3371ACCB940}"
EndProject
Global
	GlobalSection(SolutionConfigurationPlatforms) = preSolution
		Debug|Any CPU = Debug|Any CPU
		Release|Any CPU = Release|Any CPU
	EndGlobalSection
	GlobalSection(ProjectConfigurationPlatforms) = postSolution
		{6A98EA24-AC4B-4F03-949E-1500D520FC4B}.Debug|Any CPU.ActiveCfg = Debug|Any CPU
		{6A98EA24-AC4B-4F03-949E-1500D520FC4B}.Debug|Any CPU.Build.0 = Debug|Any CPU
		{6A98EA24-AC4B-4F03-949E-1500D520FC4B}.Release|Any CPU.ActiveCfg = Release|Any CPU
		{6A98EA24-AC4B-4F03-949E-1500D520FC4B}.Release|Any CPU.Build.0 = Release|Any CPU
		{FE27F872-6D90-437F-8AD7-F3371ACCB940}.Debug|Any CPU.ActiveCfg = Debug|Any CPU
		{FE27F872-6D90-437F-8AD7-F3371ACCB940}.Debug|Any CPU.Build.0 = Debug|Any CPU
		{FE27F872-6D90-437F-8AD7-F3371ACCB940}.Release|Any CPU.ActiveCfg = Release|Any CPU
		{FE27F872-6D90-437F-8AD7-F3371ACCB940}.Release|Any CPU.Build.0 = Release|Any CPU
	EndGlobalSection
	GlobalSection(MonoDevelopProperties) = preSolution
		StartupItem = Automata.Tests\Automata.Tests.csproj
	EndGlobalSection
EndGlobal
